
Microsoft Visual Studio Solution File, Format Version 12.00
# Visual Studio Version 17
VisualStudioVersion = 17.0.32112.339
MinimumVisualStudioVersion = 10.0.40219.1
Project("{FAE04EC0-301F-11D3-BF4B-00C04F79EFBC}") = "ClasePA", "ClasePA\ClasePA.csproj", "{5D301C52-BD91-4A5C-8AC4-84D0ED1716AE}"
EndProject
Global
	GlobalSection(SolutionConfigurationPlatforms) = preSolution
		Debug|Any CPU = Debug|Any CPU
		Release|Any CPU = Release|Any CPU
	EndGlobalSection
	GlobalSection(ProjectConfigurationPlatforms) = postSolution
		{5D301C52-BD91-4A5C-8AC4-84D0ED1716AE}.Debug|Any CPU.ActiveCfg = Debug|Any CPU
		{5D301C52-BD91-4A5C-8AC4-84D0ED1716AE}.Debug|Any CPU.Build.0 = Debug|Any CPU
		{5D301C52-BD91-4A5C-8AC4-84D0ED1716AE}.Release|Any CPU.ActiveCfg = Release|Any CPU
		{5D301C52-BD91-4A5C-8AC4-84D0ED1716AE}.Release|Any CPU.Build.0 = Release|Any CPU
	EndGlobalSection
	GlobalSection(SolutionProperties) = preSolution
		HideSolutionNode = FALSE
	EndGlobalSection
	GlobalSection(ExtensibilityGlobals) = postSolution
		SolutionGuid = {3BD2751F-201B-4BA6-B759-0400DC505DDF}
	EndGlobalSection
EndGlobal
